
Microsoft Visual Studio Solution File, Format Version 12.00
Project("{FAE04EC0-301F-11D3-BF4B-00C04F79EFBC}") = "efcore.demo", "efcore.demo\efcore.demo.csproj", "{D88933C2-83B2-4B30-83D9-CE0A8ED3CDA0}"
EndProject
Global
	GlobalSection(SolutionConfigurationPlatforms) = preSolution
		Debug|Any CPU = Debug|Any CPU
		Release|Any CPU = Release|Any CPU
	EndGlobalSection
	GlobalSection(ProjectConfigurationPlatforms) = postSolution
		{D88933C2-83B2-4B30-83D9-CE0A8ED3CDA0}.Debug|Any CPU.ActiveCfg = Debug|Any CPU
		{D88933C2-83B2-4B30-83D9-CE0A8ED3CDA0}.Debug|Any CPU.Build.0 = Debug|Any CPU
		{D88933C2-83B2-4B30-83D9-CE0A8ED3CDA0}.Release|Any CPU.ActiveCfg = Release|Any CPU
		{D88933C2-83B2-4B30-83D9-CE0A8ED3CDA0}.Release|Any CPU.Build.0 = Release|Any CPU
	EndGlobalSection
EndGlobal
